// !$*UTF8*$!
{
	archiveVersion = 1;
	classes = {
	};
	objectVersion = 60;
	objects = {

/* Begin PBXBuildFile section */
		F6110ACC2A8F05DB0090F9B9 /* InspectionHistoryModel.swift in Sources */ = {isa = PBXBuildFile; fileRef = F6110ACB2A8F05DB0090F9B9 /* InspectionHistoryModel.swift */; };
		F62753832A808E03008104B5 /* DiaryHelper.swift in Sources */ = {isa = PBXBuildFile; fileRef = F62753822A808E03008104B5 /* DiaryHelper.swift */; };
		F62753862A808E17008104B5 /* DiaryContentsModel.swift in Sources */ = {isa = PBXBuildFile; fileRef = F62753852A808E17008104B5 /* DiaryContentsModel.swift */; };
		F62753882A808E36008104B5 /* DiaryEmotionModel.swift in Sources */ = {isa = PBXBuildFile; fileRef = F62753872A808E36008104B5 /* DiaryEmotionModel.swift */; };
		F627538A2A8092AF008104B5 /* WriteDiaryMainView.swift in Sources */ = {isa = PBXBuildFile; fileRef = F62753892A8092AF008104B5 /* WriteDiaryMainView.swift */; };
		F627538C2A80A08C008104B5 /* WriteDiaryView.swift in Sources */ = {isa = PBXBuildFile; fileRef = F627538B2A80A08C008104B5 /* WriteDiaryView.swift */; };
		F62753942A80A899008104B5 /* KoreanKPNB-R.otf in Resources */ = {isa = PBXBuildFile; fileRef = F62753932A80A899008104B5 /* KoreanKPNB-R.otf */; };
		F62753962A80B3CB008104B5 /* DiaryCanvasView.swift in Sources */ = {isa = PBXBuildFile; fileRef = F62753952A80B3CA008104B5 /* DiaryCanvasView.swift */; };
		F62753982A80B4AA008104B5 /* DiaryMarkUpView.swift in Sources */ = {isa = PBXBuildFile; fileRef = F62753972A80B4AA008104B5 /* DiaryMarkUpView.swift */; };
		F627539A2A80C0D4008104B5 /* ImagePicker.swift in Sources */ = {isa = PBXBuildFile; fileRef = F62753992A80C0D4008104B5 /* ImagePicker.swift */; };
		F6344B1E2A76302700FA3440 /* TabManager.swift in Sources */ = {isa = PBXBuildFile; fileRef = F6344B1D2A76302700FA3440 /* TabManager.swift */; };
		F6344B222A76304800FA3440 /* HomeView.swift in Sources */ = {isa = PBXBuildFile; fileRef = F6344B212A76304800FA3440 /* HomeView.swift */; };
		F6344B262A76305300FA3440 /* DiaryView.swift in Sources */ = {isa = PBXBuildFile; fileRef = F6344B252A76305300FA3440 /* DiaryView.swift */; };
		F6344B2A2A76306200FA3440 /* InspectionView.swift in Sources */ = {isa = PBXBuildFile; fileRef = F6344B292A76306200FA3440 /* InspectionView.swift */; };
		F6344B2E2A76307A00FA3440 /* StatisticsView.swift in Sources */ = {isa = PBXBuildFile; fileRef = F6344B2D2A76307A00FA3440 /* StatisticsView.swift */; };
		F6344B322A76308500FA3440 /* MoreView.swift in Sources */ = {isa = PBXBuildFile; fileRef = F6344B312A76308500FA3440 /* MoreView.swift */; };
		F6344B342A7638E000FA3440 /* DrawingView.swift in Sources */ = {isa = PBXBuildFile; fileRef = F6344B332A7638E000FA3440 /* DrawingView.swift */; };
		F6344B362A763ACC00FA3440 /* CanvasView.swift in Sources */ = {isa = PBXBuildFile; fileRef = F6344B352A763ACC00FA3440 /* CanvasView.swift */; };
		F6344B392A76407100FA3440 /* DrawingTypeModel.swift in Sources */ = {isa = PBXBuildFile; fileRef = F6344B382A76407100FA3440 /* DrawingTypeModel.swift */; };
		F6344B3B2A764A6E00FA3440 /* InfoView.swift in Sources */ = {isa = PBXBuildFile; fileRef = F6344B3A2A764A6E00FA3440 /* InfoView.swift */; };
		F6344B3E2A764A8500FA3440 /* VersionManagement.swift in Sources */ = {isa = PBXBuildFile; fileRef = F6344B3D2A764A8500FA3440 /* VersionManagement.swift */; };
		F6559D9E2A7607DC00C1207A /* DeepMindApp.swift in Sources */ = {isa = PBXBuildFile; fileRef = F6559D9D2A7607DC00C1207A /* DeepMindApp.swift */; };
		F6559DA22A7607DF00C1207A /* Assets.xcassets in Resources */ = {isa = PBXBuildFile; fileRef = F6559DA12A7607DF00C1207A /* Assets.xcassets */; };
		F6559DA52A7607DF00C1207A /* Preview Assets.xcassets in Resources */ = {isa = PBXBuildFile; fileRef = F6559DA42A7607DF00C1207A /* Preview Assets.xcassets */; };
		F6559DAF2A7607DF00C1207A /* DeepMindTests.swift in Sources */ = {isa = PBXBuildFile; fileRef = F6559DAE2A7607DF00C1207A /* DeepMindTests.swift */; };
		F6559DB92A7607DF00C1207A /* DeepMindUITests.swift in Sources */ = {isa = PBXBuildFile; fileRef = F6559DB82A7607DF00C1207A /* DeepMindUITests.swift */; };
		F6559DBB2A7607DF00C1207A /* DeepMindUITestsLaunchTests.swift in Sources */ = {isa = PBXBuildFile; fileRef = F6559DBA2A7607DF00C1207A /* DeepMindUITestsLaunchTests.swift */; };
		F6559DCA2A76085100C1207A /* SplashView.swift in Sources */ = {isa = PBXBuildFile; fileRef = F6559DC92A76085100C1207A /* SplashView.swift */; };
		F6559DCC2A76093900C1207A /* GoogleService-Info.plist in Resources */ = {isa = PBXBuildFile; fileRef = F6559DCB2A76093900C1207A /* GoogleService-Info.plist */; };
		F6559DCF2A760A1B00C1207A /* AES256Util.swift in Sources */ = {isa = PBXBuildFile; fileRef = F6559DCE2A760A1B00C1207A /* AES256Util.swift */; };
		F6559DD22A760BE700C1207A /* FirebaseAnalytics in Frameworks */ = {isa = PBXBuildFile; productRef = F6559DD12A760BE700C1207A /* FirebaseAnalytics */; };
		F6559DD42A760BE700C1207A /* FirebaseAuth in Frameworks */ = {isa = PBXBuildFile; productRef = F6559DD32A760BE700C1207A /* FirebaseAuth */; };
		F6559DD62A760BE700C1207A /* FirebaseFirestore in Frameworks */ = {isa = PBXBuildFile; productRef = F6559DD52A760BE700C1207A /* FirebaseFirestore */; };
		F6559DD82A760BE700C1207A /* FirebaseFunctions in Frameworks */ = {isa = PBXBuildFile; productRef = F6559DD72A760BE700C1207A /* FirebaseFunctions */; };
		F6559DDA2A760BE700C1207A /* FirebaseMessaging in Frameworks */ = {isa = PBXBuildFile; productRef = F6559DD92A760BE700C1207A /* FirebaseMessaging */; };
		F6559DDC2A760BE700C1207A /* FirebaseStorage in Frameworks */ = {isa = PBXBuildFile; productRef = F6559DDB2A760BE700C1207A /* FirebaseStorage */; };
		F6559DDF2A760D0600C1207A /* CryptoSwift in Frameworks */ = {isa = PBXBuildFile; productRef = F6559DDE2A760D0600C1207A /* CryptoSwift */; };
		F6559DE42A76104100C1207A /* UserManagement.swift in Sources */ = {isa = PBXBuildFile; fileRef = F6559DE32A76104100C1207A /* UserManagement.swift */; };
		F6559DE72A76105A00C1207A /* UserInfoModel.swift in Sources */ = {isa = PBXBuildFile; fileRef = F6559DE62A76105A00C1207A /* UserInfoModel.swift */; };
		F6559DEC2A76169F00C1207A /* SignInView.swift in Sources */ = {isa = PBXBuildFile; fileRef = F6559DEB2A76169F00C1207A /* SignInView.swift */; };
		F6559DEE2A7616B500C1207A /* LAHelper.swift in Sources */ = {isa = PBXBuildFile; fileRef = F6559DED2A7616B500C1207A /* LAHelper.swift */; };
		F6559DF22A76174A00C1207A /* CheckBox.swift in Sources */ = {isa = PBXBuildFile; fileRef = F6559DF02A76174A00C1207A /* CheckBox.swift */; };
		F6559DF62A76176600C1207A /* RadioButtonGroup.swift in Sources */ = {isa = PBXBuildFile; fileRef = F6559DF32A76176600C1207A /* RadioButtonGroup.swift */; };
		F6559DF72A76176600C1207A /* RadioButton.swift in Sources */ = {isa = PBXBuildFile; fileRef = F6559DF42A76176600C1207A /* RadioButton.swift */; };
		F6559DF82A76176600C1207A /* ProcessView.swift in Sources */ = {isa = PBXBuildFile; fileRef = F6559DF52A76176600C1207A /* ProcessView.swift */; };
		F6559DFB2A7617C100C1207A /* SignUpView.swift in Sources */ = {isa = PBXBuildFile; fileRef = F6559DFA2A7617C100C1207A /* SignUpView.swift */; };
		F6559DFD2A7617E100C1207A /* SignUpAlertModel.swift in Sources */ = {isa = PBXBuildFile; fileRef = F6559DFC2A7617E100C1207A /* SignUpAlertModel.swift */; };
		F6559DFF2A762C4700C1207A /* UploadFeatureView.swift in Sources */ = {isa = PBXBuildFile; fileRef = F6559DFE2A762C4700C1207A /* UploadFeatureView.swift */; };
		F6559E012A762D6300C1207A /* FeatureSeverityOption.swift in Sources */ = {isa = PBXBuildFile; fileRef = F6559E002A762D6300C1207A /* FeatureSeverityOption.swift */; };
		F674751B2A84A2DF006471CA /* Detection.swift in Sources */ = {isa = PBXBuildFile; fileRef = F674751A2A84A2DF006471CA /* Detection.swift */; };
		F674751D2A84AF86006471CA /* CL01.mlpackage in Sources */ = {isa = PBXBuildFile; fileRef = F674751C2A84AF86006471CA /* CL01.mlpackage */; };
		F674751F2A84AF8F006471CA /* CL02.mlpackage in Sources */ = {isa = PBXBuildFile; fileRef = F674751E2A84AF8F006471CA /* CL02.mlpackage */; };
		F67475212A84AF95006471CA /* CL03.mlpackage in Sources */ = {isa = PBXBuildFile; fileRef = F67475202A84AF95006471CA /* CL03.mlpackage */; };
		F67475232A84B922006471CA /* DetectionResultsView.swift in Sources */ = {isa = PBXBuildFile; fileRef = F67475222A84B922006471CA /* DetectionResultsView.swift */; };
		F67F59252A78C8D5005E558A /* PersonGenderModel.swift in Sources */ = {isa = PBXBuildFile; fileRef = F67F59242A78C8D5005E558A /* PersonGenderModel.swift */; };
		F67F59282A78CC57005E558A /* InspectionHelper.swift in Sources */ = {isa = PBXBuildFile; fileRef = F67F59272A78CC57005E558A /* InspectionHelper.swift */; };
		F690AADE2A9A44A6004775FC /* ActivityViewController.swift in Sources */ = {isa = PBXBuildFile; fileRef = F690AADD2A9A44A6004775FC /* ActivityViewController.swift */; };
		F69586532A9EDDBC006F0520 /* UserTypeModel.swift in Sources */ = {isa = PBXBuildFile; fileRef = F69586522A9EDDBC006F0520 /* UserTypeModel.swift */; };
		F69586552A9EDE21006F0520 /* UserTypeSelectionView.swift in Sources */ = {isa = PBXBuildFile; fileRef = F69586542A9EDE21006F0520 /* UserTypeSelectionView.swift */; };
		F69586572A9EFB1B006F0520 /* ProBadgeView.swift in Sources */ = {isa = PBXBuildFile; fileRef = F69586562A9EFB1B006F0520 /* ProBadgeView.swift */; };
		F69586592A9EFB40006F0520 /* UserInfoView.swift in Sources */ = {isa = PBXBuildFile; fileRef = F69586582A9EFB40006F0520 /* UserInfoView.swift */; };
		F695865C2A9EFDA7006F0520 /* UserStatusChangeResultModel.swift in Sources */ = {isa = PBXBuildFile; fileRef = F695865B2A9EFDA7006F0520 /* UserStatusChangeResultModel.swift */; };
		F6BE651E2A8DB58500C40E57 /* HouseEssentialQuestionModels.swift in Sources */ = {isa = PBXBuildFile; fileRef = F6BE651D2A8DB58500C40E57 /* HouseEssentialQuestionModels.swift */; };
		F6BE65202A8DBC5600C40E57 /* EssentialQuestionAnswerModels.swift in Sources */ = {isa = PBXBuildFile; fileRef = F6BE651F2A8DBC5600C40E57 /* EssentialQuestionAnswerModels.swift */; };
		F6D3CCAE2A7B3F8900383BBB /* PredictTypeModel.swift in Sources */ = {isa = PBXBuildFile; fileRef = F6D3CCAD2A7B3F8900383BBB /* PredictTypeModel.swift */; };
		F6FE66DB2A8C99B500AF9D94 /* DailyEmotionHelper.swift in Sources */ = {isa = PBXBuildFile; fileRef = F6FE66DA2A8C99B500AF9D94 /* DailyEmotionHelper.swift */; };
		F6FE66DF2A8CA93E00AF9D94 /* HomeHTPStatisticsView.swift in Sources */ = {isa = PBXBuildFile; fileRef = F6FE66DE2A8CA93E00AF9D94 /* HomeHTPStatisticsView.swift */; };
		F6FE66E12A8CA94600AF9D94 /* HomeEmotionStatisticsView.swift in Sources */ = {isa = PBXBuildFile; fileRef = F6FE66E02A8CA94600AF9D94 /* HomeEmotionStatisticsView.swift */; };
		F6FE66E42A8CAD4B00AF9D94 /* HomeStatisticsTypeModel.swift in Sources */ = {isa = PBXBuildFile; fileRef = F6FE66E32A8CAD4B00AF9D94 /* HomeStatisticsTypeModel.swift */; };
		F6FE66E72A8CB3E900AF9D94 /* StatisticsEmotionDataModel.swift in Sources */ = {isa = PBXBuildFile; fileRef = F6FE66E62A8CB3E900AF9D94 /* StatisticsEmotionDataModel.swift */; };
		F6FE66E92A8CBBE300AF9D94 /* InspectionEssentialQuestionView.swift in Sources */ = {isa = PBXBuildFile; fileRef = F6FE66E82A8CBBE300AF9D94 /* InspectionEssentialQuestionView.swift */; };
		F6FE66EB2A8CBEDE00AF9D94 /* InspectionEssentialQuestionType.swift in Sources */ = {isa = PBXBuildFile; fileRef = F6FE66EA2A8CBEDE00AF9D94 /* InspectionEssentialQuestionType.swift */; };
/* End PBXBuildFile section */

/* Begin PBXContainerItemProxy section */
		F6559DAB2A7607DF00C1207A /* PBXContainerItemProxy */ = {
			isa = PBXContainerItemProxy;
			containerPortal = F6559D922A7607DC00C1207A /* Project object */;
			proxyType = 1;
			remoteGlobalIDString = F6559D992A7607DC00C1207A;
			remoteInfo = DeepMind;
		};
		F6559DB52A7607DF00C1207A /* PBXContainerItemProxy */ = {
			isa = PBXContainerItemProxy;
			containerPortal = F6559D922A7607DC00C1207A /* Project object */;
			proxyType = 1;
			remoteGlobalIDString = F6559D992A7607DC00C1207A;
			remoteInfo = DeepMind;
		};
/* End PBXContainerItemProxy section */

/* Begin PBXFileReference section */
		F6110ACB2A8F05DB0090F9B9 /* InspectionHistoryModel.swift */ = {isa = PBXFileReference; lastKnownFileType = sourcecode.swift; path = InspectionHistoryModel.swift; sourceTree = "<group>"; };
		F62753822A808E03008104B5 /* DiaryHelper.swift */ = {isa = PBXFileReference; lastKnownFileType = sourcecode.swift; path = DiaryHelper.swift; sourceTree = "<group>"; };
		F62753852A808E17008104B5 /* DiaryContentsModel.swift */ = {isa = PBXFileReference; lastKnownFileType = sourcecode.swift; path = DiaryContentsModel.swift; sourceTree = "<group>"; };
		F62753872A808E36008104B5 /* DiaryEmotionModel.swift */ = {isa = PBXFileReference; lastKnownFileType = sourcecode.swift; path = DiaryEmotionModel.swift; sourceTree = "<group>"; };
		F62753892A8092AF008104B5 /* WriteDiaryMainView.swift */ = {isa = PBXFileReference; lastKnownFileType = sourcecode.swift; path = WriteDiaryMainView.swift; sourceTree = "<group>"; };
		F627538B2A80A08C008104B5 /* WriteDiaryView.swift */ = {isa = PBXFileReference; lastKnownFileType = sourcecode.swift; path = WriteDiaryView.swift; sourceTree = "<group>"; };
		F62753902A80A806008104B5 /* Info.plist */ = {isa = PBXFileReference; lastKnownFileType = text.plist; path = Info.plist; sourceTree = "<group>"; };
		F62753932A80A899008104B5 /* KoreanKPNB-R.otf */ = {isa = PBXFileReference; lastKnownFileType = file; path = "KoreanKPNB-R.otf"; sourceTree = "<group>"; };
		F62753952A80B3CA008104B5 /* DiaryCanvasView.swift */ = {isa = PBXFileReference; lastKnownFileType = sourcecode.swift; path = DiaryCanvasView.swift; sourceTree = "<group>"; };
		F62753972A80B4AA008104B5 /* DiaryMarkUpView.swift */ = {isa = PBXFileReference; lastKnownFileType = sourcecode.swift; path = DiaryMarkUpView.swift; sourceTree = "<group>"; };
		F62753992A80C0D4008104B5 /* ImagePicker.swift */ = {isa = PBXFileReference; lastKnownFileType = sourcecode.swift; path = ImagePicker.swift; sourceTree = "<group>"; };
		F6344B1D2A76302700FA3440 /* TabManager.swift */ = {isa = PBXFileReference; lastKnownFileType = sourcecode.swift; path = TabManager.swift; sourceTree = "<group>"; };
		F6344B212A76304800FA3440 /* HomeView.swift */ = {isa = PBXFileReference; lastKnownFileType = sourcecode.swift; path = HomeView.swift; sourceTree = "<group>"; };
		F6344B252A76305300FA3440 /* DiaryView.swift */ = {isa = PBXFileReference; lastKnownFileType = sourcecode.swift; path = DiaryView.swift; sourceTree = "<group>"; };
		F6344B292A76306200FA3440 /* InspectionView.swift */ = {isa = PBXFileReference; lastKnownFileType = sourcecode.swift; path = InspectionView.swift; sourceTree = "<group>"; };
		F6344B2D2A76307A00FA3440 /* StatisticsView.swift */ = {isa = PBXFileReference; lastKnownFileType = sourcecode.swift; path = StatisticsView.swift; sourceTree = "<group>"; };
		F6344B312A76308500FA3440 /* MoreView.swift */ = {isa = PBXFileReference; lastKnownFileType = sourcecode.swift; path = MoreView.swift; sourceTree = "<group>"; };
		F6344B332A7638E000FA3440 /* DrawingView.swift */ = {isa = PBXFileReference; lastKnownFileType = sourcecode.swift; path = DrawingView.swift; sourceTree = "<group>"; };
		F6344B352A763ACC00FA3440 /* CanvasView.swift */ = {isa = PBXFileReference; lastKnownFileType = sourcecode.swift; path = CanvasView.swift; sourceTree = "<group>"; };
		F6344B382A76407100FA3440 /* DrawingTypeModel.swift */ = {isa = PBXFileReference; lastKnownFileType = sourcecode.swift; path = DrawingTypeModel.swift; sourceTree = "<group>"; };
		F6344B3A2A764A6E00FA3440 /* InfoView.swift */ = {isa = PBXFileReference; lastKnownFileType = sourcecode.swift; path = InfoView.swift; sourceTree = "<group>"; };
		F6344B3D2A764A8500FA3440 /* VersionManagement.swift */ = {isa = PBXFileReference; lastKnownFileType = sourcecode.swift; path = VersionManagement.swift; sourceTree = "<group>"; };
		F6559D9A2A7607DC00C1207A /* DeepMind.app */ = {isa = PBXFileReference; explicitFileType = wrapper.application; includeInIndex = 0; path = DeepMind.app; sourceTree = BUILT_PRODUCTS_DIR; };
		F6559D9D2A7607DC00C1207A /* DeepMindApp.swift */ = {isa = PBXFileReference; lastKnownFileType = sourcecode.swift; path = DeepMindApp.swift; sourceTree = "<group>"; };
		F6559DA12A7607DF00C1207A /* Assets.xcassets */ = {isa = PBXFileReference; lastKnownFileType = folder.assetcatalog; path = Assets.xcassets; sourceTree = "<group>"; };
		F6559DA42A7607DF00C1207A /* Preview Assets.xcassets */ = {isa = PBXFileReference; lastKnownFileType = folder.assetcatalog; path = "Preview Assets.xcassets"; sourceTree = "<group>"; };
		F6559DAA2A7607DF00C1207A /* DeepMindTests.xctest */ = {isa = PBXFileReference; explicitFileType = wrapper.cfbundle; includeInIndex = 0; path = DeepMindTests.xctest; sourceTree = BUILT_PRODUCTS_DIR; };
		F6559DAE2A7607DF00C1207A /* DeepMindTests.swift */ = {isa = PBXFileReference; lastKnownFileType = sourcecode.swift; path = DeepMindTests.swift; sourceTree = "<group>"; };
		F6559DB42A7607DF00C1207A /* DeepMindUITests.xctest */ = {isa = PBXFileReference; explicitFileType = wrapper.cfbundle; includeInIndex = 0; path = DeepMindUITests.xctest; sourceTree = BUILT_PRODUCTS_DIR; };
		F6559DB82A7607DF00C1207A /* DeepMindUITests.swift */ = {isa = PBXFileReference; lastKnownFileType = sourcecode.swift; path = DeepMindUITests.swift; sourceTree = "<group>"; };
		F6559DBA2A7607DF00C1207A /* DeepMindUITestsLaunchTests.swift */ = {isa = PBXFileReference; lastKnownFileType = sourcecode.swift; path = DeepMindUITestsLaunchTests.swift; sourceTree = "<group>"; };
		F6559DC92A76085100C1207A /* SplashView.swift */ = {isa = PBXFileReference; lastKnownFileType = sourcecode.swift; path = SplashView.swift; sourceTree = "<group>"; };
		F6559DCB2A76093900C1207A /* GoogleService-Info.plist */ = {isa = PBXFileReference; fileEncoding = 4; lastKnownFileType = text.plist.xml; path = "GoogleService-Info.plist"; sourceTree = "<group>"; };
		F6559DCE2A760A1B00C1207A /* AES256Util.swift */ = {isa = PBXFileReference; lastKnownFileType = sourcecode.swift; path = AES256Util.swift; sourceTree = "<group>"; };
		F6559DE32A76104100C1207A /* UserManagement.swift */ = {isa = PBXFileReference; lastKnownFileType = sourcecode.swift; path = UserManagement.swift; sourceTree = "<group>"; };
		F6559DE62A76105A00C1207A /* UserInfoModel.swift */ = {isa = PBXFileReference; lastKnownFileType = sourcecode.swift; path = UserInfoModel.swift; sourceTree = "<group>"; };
		F6559DEB2A76169F00C1207A /* SignInView.swift */ = {isa = PBXFileReference; lastKnownFileType = sourcecode.swift; path = SignInView.swift; sourceTree = "<group>"; };
		F6559DED2A7616B500C1207A /* LAHelper.swift */ = {isa = PBXFileReference; lastKnownFileType = sourcecode.swift; path = LAHelper.swift; sourceTree = "<group>"; };
		F6559DF02A76174A00C1207A /* CheckBox.swift */ = {isa = PBXFileReference; fileEncoding = 4; lastKnownFileType = sourcecode.swift; path = CheckBox.swift; sourceTree = "<group>"; };
		F6559DF32A76176600C1207A /* RadioButtonGroup.swift */ = {isa = PBXFileReference; fileEncoding = 4; lastKnownFileType = sourcecode.swift; path = RadioButtonGroup.swift; sourceTree = "<group>"; };
		F6559DF42A76176600C1207A /* RadioButton.swift */ = {isa = PBXFileReference; fileEncoding = 4; lastKnownFileType = sourcecode.swift; path = RadioButton.swift; sourceTree = "<group>"; };
		F6559DF52A76176600C1207A /* ProcessView.swift */ = {isa = PBXFileReference; fileEncoding = 4; lastKnownFileType = sourcecode.swift; path = ProcessView.swift; sourceTree = "<group>"; };
		F6559DFA2A7617C100C1207A /* SignUpView.swift */ = {isa = PBXFileReference; lastKnownFileType = sourcecode.swift; path = SignUpView.swift; sourceTree = "<group>"; };
		F6559DFC2A7617E100C1207A /* SignUpAlertModel.swift */ = {isa = PBXFileReference; lastKnownFileType = sourcecode.swift; path = SignUpAlertModel.swift; sourceTree = "<group>"; };
		F6559DFE2A762C4700C1207A /* UploadFeatureView.swift */ = {isa = PBXFileReference; lastKnownFileType = sourcecode.swift; path = UploadFeatureView.swift; sourceTree = "<group>"; };
		F6559E002A762D6300C1207A /* FeatureSeverityOption.swift */ = {isa = PBXFileReference; lastKnownFileType = sourcecode.swift; path = FeatureSeverityOption.swift; sourceTree = "<group>"; };
		F674751A2A84A2DF006471CA /* Detection.swift */ = {isa = PBXFileReference; lastKnownFileType = sourcecode.swift; path = Detection.swift; sourceTree = "<group>"; };
		F674751C2A84AF86006471CA /* CL01.mlpackage */ = {isa = PBXFileReference; lastKnownFileType = folder.mlpackage; path = CL01.mlpackage; sourceTree = "<group>"; };
		F674751E2A84AF8F006471CA /* CL02.mlpackage */ = {isa = PBXFileReference; lastKnownFileType = folder.mlpackage; path = CL02.mlpackage; sourceTree = "<group>"; };
		F67475202A84AF95006471CA /* CL03.mlpackage */ = {isa = PBXFileReference; lastKnownFileType = folder.mlpackage; path = CL03.mlpackage; sourceTree = "<group>"; };
		F67475222A84B922006471CA /* DetectionResultsView.swift */ = {isa = PBXFileReference; lastKnownFileType = sourcecode.swift; path = DetectionResultsView.swift; sourceTree = "<group>"; };
		F67F59242A78C8D5005E558A /* PersonGenderModel.swift */ = {isa = PBXFileReference; lastKnownFileType = sourcecode.swift; path = PersonGenderModel.swift; sourceTree = "<group>"; };
		F67F59272A78CC57005E558A /* InspectionHelper.swift */ = {isa = PBXFileReference; lastKnownFileType = sourcecode.swift; path = InspectionHelper.swift; sourceTree = "<group>"; };
		F690AADD2A9A44A6004775FC /* ActivityViewController.swift */ = {isa = PBXFileReference; lastKnownFileType = sourcecode.swift; path = ActivityViewController.swift; sourceTree = "<group>"; };
		F69586522A9EDDBC006F0520 /* UserTypeModel.swift */ = {isa = PBXFileReference; lastKnownFileType = sourcecode.swift; path = UserTypeModel.swift; sourceTree = "<group>"; };
		F69586542A9EDE21006F0520 /* UserTypeSelectionView.swift */ = {isa = PBXFileReference; lastKnownFileType = sourcecode.swift; path = UserTypeSelectionView.swift; sourceTree = "<group>"; };
		F69586562A9EFB1B006F0520 /* ProBadgeView.swift */ = {isa = PBXFileReference; lastKnownFileType = sourcecode.swift; path = ProBadgeView.swift; sourceTree = "<group>"; };
		F69586582A9EFB40006F0520 /* UserInfoView.swift */ = {isa = PBXFileReference; lastKnownFileType = sourcecode.swift; path = UserInfoView.swift; sourceTree = "<group>"; };
		F695865B2A9EFDA7006F0520 /* UserStatusChangeResultModel.swift */ = {isa = PBXFileReference; lastKnownFileType = sourcecode.swift; path = UserStatusChangeResultModel.swift; sourceTree = "<group>"; };
		F6BE651D2A8DB58500C40E57 /* HouseEssentialQuestionModels.swift */ = {isa = PBXFileReference; lastKnownFileType = sourcecode.swift; path = HouseEssentialQuestionModels.swift; sourceTree = "<group>"; };
		F6BE651F2A8DBC5600C40E57 /* EssentialQuestionAnswerModels.swift */ = {isa = PBXFileReference; lastKnownFileType = sourcecode.swift; path = EssentialQuestionAnswerModels.swift; sourceTree = "<group>"; };
		F6D3CCAD2A7B3F8900383BBB /* PredictTypeModel.swift */ = {isa = PBXFileReference; lastKnownFileType = sourcecode.swift; path = PredictTypeModel.swift; sourceTree = "<group>"; };
		F6FE66DA2A8C99B500AF9D94 /* DailyEmotionHelper.swift */ = {isa = PBXFileReference; lastKnownFileType = sourcecode.swift; path = DailyEmotionHelper.swift; sourceTree = "<group>"; };
		F6FE66DE2A8CA93E00AF9D94 /* HomeHTPStatisticsView.swift */ = {isa = PBXFileReference; lastKnownFileType = sourcecode.swift; path = HomeHTPStatisticsView.swift; sourceTree = "<group>"; };
		F6FE66E02A8CA94600AF9D94 /* HomeEmotionStatisticsView.swift */ = {isa = PBXFileReference; lastKnownFileType = sourcecode.swift; path = HomeEmotionStatisticsView.swift; sourceTree = "<group>"; };
		F6FE66E32A8CAD4B00AF9D94 /* HomeStatisticsTypeModel.swift */ = {isa = PBXFileReference; lastKnownFileType = sourcecode.swift; path = HomeStatisticsTypeModel.swift; sourceTree = "<group>"; };
		F6FE66E62A8CB3E900AF9D94 /* StatisticsEmotionDataModel.swift */ = {isa = PBXFileReference; lastKnownFileType = sourcecode.swift; path = StatisticsEmotionDataModel.swift; sourceTree = "<group>"; };
		F6FE66E82A8CBBE300AF9D94 /* InspectionEssentialQuestionView.swift */ = {isa = PBXFileReference; lastKnownFileType = sourcecode.swift; path = InspectionEssentialQuestionView.swift; sourceTree = "<group>"; };
		F6FE66EA2A8CBEDE00AF9D94 /* InspectionEssentialQuestionType.swift */ = {isa = PBXFileReference; lastKnownFileType = sourcecode.swift; path = InspectionEssentialQuestionType.swift; sourceTree = "<group>"; };
/* End PBXFileReference section */

/* Begin PBXFrameworksBuildPhase section */
		F6559D972A7607DC00C1207A /* Frameworks */ = {
			isa = PBXFrameworksBuildPhase;
			buildActionMask = 2147483647;
			files = (
				F6559DD22A760BE700C1207A /* FirebaseAnalytics in Frameworks */,
				F6559DD42A760BE700C1207A /* FirebaseAuth in Frameworks */,
				F6559DDA2A760BE700C1207A /* FirebaseMessaging in Frameworks */,
				F6559DD62A760BE700C1207A /* FirebaseFirestore in Frameworks */,
				F6559DD82A760BE700C1207A /* FirebaseFunctions in Frameworks */,
				F6559DDC2A760BE700C1207A /* FirebaseStorage in Frameworks */,
				F6559DDF2A760D0600C1207A /* CryptoSwift in Frameworks */,
			);
			runOnlyForDeploymentPostprocessing = 0;
		};
		F6559DA72A7607DF00C1207A /* Frameworks */ = {
			isa = PBXFrameworksBuildPhase;
			buildActionMask = 2147483647;
			files = (
			);
			runOnlyForDeploymentPostprocessing = 0;
		};
		F6559DB12A7607DF00C1207A /* Frameworks */ = {
			isa = PBXFrameworksBuildPhase;
			buildActionMask = 2147483647;
			files = (
			);
			runOnlyForDeploymentPostprocessing = 0;
		};
/* End PBXFrameworksBuildPhase section */

/* Begin PBXGroup section */
		F62753812A808DF6008104B5 /* Helper */ = {
			isa = PBXGroup;
			children = (
				F62753822A808E03008104B5 /* DiaryHelper.swift */,
			);
			path = Helper;
			sourceTree = "<group>";
		};
		F62753842A808E11008104B5 /* Models */ = {
			isa = PBXGroup;
			children = (
				F62753852A808E17008104B5 /* DiaryContentsModel.swift */,
				F62753872A808E36008104B5 /* DiaryEmotionModel.swift */,
			);
			path = Models;
			sourceTree = "<group>";
		};
		F627538D2A80A797008104B5 /* fonts */ = {
			isa = PBXGroup;
			children = (
				F62753932A80A899008104B5 /* KoreanKPNB-R.otf */,
			);
			path = fonts;
			sourceTree = "<group>";
		};
		F6344B1F2A76304000FA3440 /* Home */ = {
			isa = PBXGroup;
			children = (
				F6FE66E22A8CAD4000AF9D94 /* Models */,
				F6FE66D92A8C99AB00AF9D94 /* Helper */,
				F6344B202A76304300FA3440 /* View */,
			);
			path = Home;
			sourceTree = "<group>";
		};
		F6344B202A76304300FA3440 /* View */ = {
			isa = PBXGroup;
			children = (
				F6344B212A76304800FA3440 /* HomeView.swift */,
				F6FE66DE2A8CA93E00AF9D94 /* HomeHTPStatisticsView.swift */,
				F6FE66E02A8CA94600AF9D94 /* HomeEmotionStatisticsView.swift */,
			);
			path = View;
			sourceTree = "<group>";
		};
		F6344B232A76304A00FA3440 /* Diary */ = {
			isa = PBXGroup;
			children = (
				F62753842A808E11008104B5 /* Models */,
				F62753812A808DF6008104B5 /* Helper */,
				F6344B242A76304E00FA3440 /* View */,
			);
			path = Diary;
			sourceTree = "<group>";
		};
		F6344B242A76304E00FA3440 /* View */ = {
			isa = PBXGroup;
			children = (
				F6344B252A76305300FA3440 /* DiaryView.swift */,
				F62753892A8092AF008104B5 /* WriteDiaryMainView.swift */,
				F627538B2A80A08C008104B5 /* WriteDiaryView.swift */,
				F62753952A80B3CA008104B5 /* DiaryCanvasView.swift */,
				F62753972A80B4AA008104B5 /* DiaryMarkUpView.swift */,
			);
			path = View;
			sourceTree = "<group>";
		};
		F6344B272A76305500FA3440 /* Inspection */ = {
			isa = PBXGroup;
			children = (
				F67F59262A78CC51005E558A /* Helper */,
				F6344B372A76406800FA3440 /* Models */,
				F6344B282A76305D00FA3440 /* View */,
			);
			path = Inspection;
			sourceTree = "<group>";
		};
		F6344B282A76305D00FA3440 /* View */ = {
			isa = PBXGroup;
			children = (
				F6344B292A76306200FA3440 /* InspectionView.swift */,
				F6344B332A7638E000FA3440 /* DrawingView.swift */,
				F6344B352A763ACC00FA3440 /* CanvasView.swift */,
				F67475222A84B922006471CA /* DetectionResultsView.swift */,
				F6FE66E82A8CBBE300AF9D94 /* InspectionEssentialQuestionView.swift */,
			);
			path = View;
			sourceTree = "<group>";
		};
		F6344B2B2A76306F00FA3440 /* Statistics */ = {
			isa = PBXGroup;
			children = (
				F6FE66E52A8CB3DD00AF9D94 /* Models */,
				F6344B2C2A76307500FA3440 /* View */,
			);
			path = Statistics;
			sourceTree = "<group>";
		};
		F6344B2C2A76307500FA3440 /* View */ = {
			isa = PBXGroup;
			children = (
				F6344B2D2A76307A00FA3440 /* StatisticsView.swift */,
			);
			path = View;
			sourceTree = "<group>";
		};
		F6344B2F2A76307C00FA3440 /* More */ = {
			isa = PBXGroup;
			children = (
				F695865A2A9EFD9F006F0520 /* Models */,
				F6344B3C2A764A8000FA3440 /* Helper */,
				F6344B302A76308100FA3440 /* View */,
			);
			path = More;
			sourceTree = "<group>";
		};
		F6344B302A76308100FA3440 /* View */ = {
			isa = PBXGroup;
			children = (
				F6344B312A76308500FA3440 /* MoreView.swift */,
				F6344B3A2A764A6E00FA3440 /* InfoView.swift */,
				F69586582A9EFB40006F0520 /* UserInfoView.swift */,
			);
			path = View;
			sourceTree = "<group>";
		};
		F6344B372A76406800FA3440 /* Models */ = {
			isa = PBXGroup;
			children = (
				F6344B382A76407100FA3440 /* DrawingTypeModel.swift */,
				F67F59242A78C8D5005E558A /* PersonGenderModel.swift */,
				F6D3CCAD2A7B3F8900383BBB /* PredictTypeModel.swift */,
				F674751A2A84A2DF006471CA /* Detection.swift */,
				F6FE66EA2A8CBEDE00AF9D94 /* InspectionEssentialQuestionType.swift */,
				F6BE651D2A8DB58500C40E57 /* HouseEssentialQuestionModels.swift */,
				F6BE651F2A8DBC5600C40E57 /* EssentialQuestionAnswerModels.swift */,
				F6110ACB2A8F05DB0090F9B9 /* InspectionHistoryModel.swift */,
			);
			path = Models;
			sourceTree = "<group>";
		};
		F6344B3C2A764A8000FA3440 /* Helper */ = {
			isa = PBXGroup;
			children = (
				F6344B3D2A764A8500FA3440 /* VersionManagement.swift */,
			);
			path = Helper;
			sourceTree = "<group>";
		};
		F6559D912A7607DC00C1207A = {
			isa = PBXGroup;
			children = (
				F6559D9C2A7607DC00C1207A /* DeepMind */,
				F6559DAD2A7607DF00C1207A /* DeepMindTests */,
				F6559DB72A7607DF00C1207A /* DeepMindUITests */,
				F6559D9B2A7607DC00C1207A /* Products */,
			);
			sourceTree = "<group>";
		};
		F6559D9B2A7607DC00C1207A /* Products */ = {
			isa = PBXGroup;
			children = (
				F6559D9A2A7607DC00C1207A /* DeepMind.app */,
				F6559DAA2A7607DF00C1207A /* DeepMindTests.xctest */,
				F6559DB42A7607DF00C1207A /* DeepMindUITests.xctest */,
			);
			name = Products;
			sourceTree = "<group>";
		};
		F6559D9C2A7607DC00C1207A /* DeepMind */ = {
			isa = PBXGroup;
			children = (
				F62753902A80A806008104B5 /* Info.plist */,
				F627538D2A80A797008104B5 /* fonts */,
				F6974C062A78C2AC00BCEB07 /* include */,
				F6344B1F2A76304000FA3440 /* Home */,
				F6344B232A76304A00FA3440 /* Diary */,
				F6344B272A76305500FA3440 /* Inspection */,
				F6344B2B2A76306F00FA3440 /* Statistics */,
				F6344B2F2A76307C00FA3440 /* More */,
				F6559DE02A76102E00C1207A /* UserManagement */,
				F6559DCB2A76093900C1207A /* GoogleService-Info.plist */,
				F6559DC72A76083C00C1207A /* Frameworks */,
				F6559DA12A7607DF00C1207A /* Assets.xcassets */,
				F6559DA32A7607DF00C1207A /* Preview Content */,
			);
			path = DeepMind;
			sourceTree = "<group>";
		};
		F6559DA32A7607DF00C1207A /* Preview Content */ = {
			isa = PBXGroup;
			children = (
				F6559DA42A7607DF00C1207A /* Preview Assets.xcassets */,
			);
			path = "Preview Content";
			sourceTree = "<group>";
		};
		F6559DAD2A7607DF00C1207A /* DeepMindTests */ = {
			isa = PBXGroup;
			children = (
				F6559DAE2A7607DF00C1207A /* DeepMindTests.swift */,
			);
			path = DeepMindTests;
			sourceTree = "<group>";
		};
		F6559DB72A7607DF00C1207A /* DeepMindUITests */ = {
			isa = PBXGroup;
			children = (
				F6559DB82A7607DF00C1207A /* DeepMindUITests.swift */,
				F6559DBA2A7607DF00C1207A /* DeepMindUITestsLaunchTests.swift */,
			);
			path = DeepMindUITests;
			sourceTree = "<group>";
		};
		F6559DC72A76083C00C1207A /* Frameworks */ = {
			isa = PBXGroup;
			children = (
				F6559DCD2A760A1400C1207A /* Helper */,
				F6559DC82A76084100C1207A /* View */,
			);
			path = Frameworks;
			sourceTree = "<group>";
		};
		F6559DC82A76084100C1207A /* View */ = {
			isa = PBXGroup;
			children = (
				F6559DF52A76176600C1207A /* ProcessView.swift */,
				F6559DF42A76176600C1207A /* RadioButton.swift */,
				F6559DF32A76176600C1207A /* RadioButtonGroup.swift */,
				F6559DF02A76174A00C1207A /* CheckBox.swift */,
				F6559D9D2A7607DC00C1207A /* DeepMindApp.swift */,
				F6559DC92A76085100C1207A /* SplashView.swift */,
				F6344B1D2A76302700FA3440 /* TabManager.swift */,
				F62753992A80C0D4008104B5 /* ImagePicker.swift */,
				F690AADD2A9A44A6004775FC /* ActivityViewController.swift */,
			);
			path = View;
			sourceTree = "<group>";
		};
		F6559DCD2A760A1400C1207A /* Helper */ = {
			isa = PBXGroup;
			children = (
				F6559DCE2A760A1B00C1207A /* AES256Util.swift */,
				F6559DED2A7616B500C1207A /* LAHelper.swift */,
			);
			path = Helper;
			sourceTree = "<group>";
		};
		F6559DE02A76102E00C1207A /* UserManagement */ = {
			isa = PBXGroup;
			children = (
				F6559DE52A76105400C1207A /* Models */,
				F6559DE22A76103A00C1207A /* Helper */,
				F6559DE12A76103300C1207A /* View */,
			);
			path = UserManagement;
			sourceTree = "<group>";
		};
		F6559DE12A76103300C1207A /* View */ = {
			isa = PBXGroup;
			children = (
				F6559DEB2A76169F00C1207A /* SignInView.swift */,
				F6559DFA2A7617C100C1207A /* SignUpView.swift */,
				F6559DFE2A762C4700C1207A /* UploadFeatureView.swift */,
				F69586542A9EDE21006F0520 /* UserTypeSelectionView.swift */,
			);
			path = View;
			sourceTree = "<group>";
		};
		F6559DE22A76103A00C1207A /* Helper */ = {
			isa = PBXGroup;
			children = (
				F6559DE32A76104100C1207A /* UserManagement.swift */,
			);
			path = Helper;
			sourceTree = "<group>";
		};
		F6559DE52A76105400C1207A /* Models */ = {
			isa = PBXGroup;
			children = (
				F6559DE62A76105A00C1207A /* UserInfoModel.swift */,
				F6559DFC2A7617E100C1207A /* SignUpAlertModel.swift */,
				F6559E002A762D6300C1207A /* FeatureSeverityOption.swift */,
				F69586522A9EDDBC006F0520 /* UserTypeModel.swift */,
				F69586562A9EFB1B006F0520 /* ProBadgeView.swift */,
			);
			path = Models;
			sourceTree = "<group>";
		};
		F67F59262A78CC51005E558A /* Helper */ = {
			isa = PBXGroup;
			children = (
				F67F59272A78CC57005E558A /* InspectionHelper.swift */,
			);
			path = Helper;
			sourceTree = "<group>";
		};
		F695865A2A9EFD9F006F0520 /* Models */ = {
			isa = PBXGroup;
			children = (
				F695865B2A9EFDA7006F0520 /* UserStatusChangeResultModel.swift */,
			);
			path = Models;
			sourceTree = "<group>";
		};
		F6974C062A78C2AC00BCEB07 /* include */ = {
			isa = PBXGroup;
			children = (
				F674751C2A84AF86006471CA /* CL01.mlpackage */,
				F674751E2A84AF8F006471CA /* CL02.mlpackage */,
				F67475202A84AF95006471CA /* CL03.mlpackage */,
			);
			path = include;
			sourceTree = "<group>";
		};
		F6FE66D92A8C99AB00AF9D94 /* Helper */ = {
			isa = PBXGroup;
			children = (
				F6FE66DA2A8C99B500AF9D94 /* DailyEmotionHelper.swift */,
			);
			path = Helper;
			sourceTree = "<group>";
		};
		F6FE66E22A8CAD4000AF9D94 /* Models */ = {
			isa = PBXGroup;
			children = (
				F6FE66E32A8CAD4B00AF9D94 /* HomeStatisticsTypeModel.swift */,
			);
			path = Models;
			sourceTree = "<group>";
		};
		F6FE66E52A8CB3DD00AF9D94 /* Models */ = {
			isa = PBXGroup;
			children = (
				F6FE66E62A8CB3E900AF9D94 /* StatisticsEmotionDataModel.swift */,
			);
			path = Models;
			sourceTree = "<group>";
		};
/* End PBXGroup section */

/* Begin PBXNativeTarget section */
		F6559D992A7607DC00C1207A /* DeepMind */ = {
			isa = PBXNativeTarget;
			buildConfigurationList = F6559DBE2A7607DF00C1207A /* Build configuration list for PBXNativeTarget "DeepMind" */;
			buildPhases = (
				F6559D962A7607DC00C1207A /* Sources */,
				F6559D972A7607DC00C1207A /* Frameworks */,
				F6559D982A7607DC00C1207A /* Resources */,
			);
			buildRules = (
			);
			dependencies = (
			);
			name = DeepMind;
			packageProductDependencies = (
				F6559DD12A760BE700C1207A /* FirebaseAnalytics */,
				F6559DD32A760BE700C1207A /* FirebaseAuth */,
				F6559DD52A760BE700C1207A /* FirebaseFirestore */,
				F6559DD72A760BE700C1207A /* FirebaseFunctions */,
				F6559DD92A760BE700C1207A /* FirebaseMessaging */,
				F6559DDB2A760BE700C1207A /* FirebaseStorage */,
				F6559DDE2A760D0600C1207A /* CryptoSwift */,
			);
			productName = DeepMind;
			productReference = F6559D9A2A7607DC00C1207A /* DeepMind.app */;
			productType = "com.apple.product-type.application";
		};
		F6559DA92A7607DF00C1207A /* DeepMindTests */ = {
			isa = PBXNativeTarget;
			buildConfigurationList = F6559DC12A7607DF00C1207A /* Build configuration list for PBXNativeTarget "DeepMindTests" */;
			buildPhases = (
				F6559DA62A7607DF00C1207A /* Sources */,
				F6559DA72A7607DF00C1207A /* Frameworks */,
				F6559DA82A7607DF00C1207A /* Resources */,
			);
			buildRules = (
			);
			dependencies = (
				F6559DAC2A7607DF00C1207A /* PBXTargetDependency */,
			);
			name = DeepMindTests;
			productName = DeepMindTests;
			productReference = F6559DAA2A7607DF00C1207A /* DeepMindTests.xctest */;
			productType = "com.apple.product-type.bundle.unit-test";
		};
		F6559DB32A7607DF00C1207A /* DeepMindUITests */ = {
			isa = PBXNativeTarget;
			buildConfigurationList = F6559DC42A7607DF00C1207A /* Build configuration list for PBXNativeTarget "DeepMindUITests" */;
			buildPhases = (
				F6559DB02A7607DF00C1207A /* Sources */,
				F6559DB12A7607DF00C1207A /* Frameworks */,
				F6559DB22A7607DF00C1207A /* Resources */,
			);
			buildRules = (
			);
			dependencies = (
				F6559DB62A7607DF00C1207A /* PBXTargetDependency */,
			);
			name = DeepMindUITests;
			productName = DeepMindUITests;
			productReference = F6559DB42A7607DF00C1207A /* DeepMindUITests.xctest */;
			productType = "com.apple.product-type.bundle.ui-testing";
		};
/* End PBXNativeTarget section */

/* Begin PBXProject section */
		F6559D922A7607DC00C1207A /* Project object */ = {
			isa = PBXProject;
			attributes = {
				BuildIndependentTargetsInParallel = 1;
				LastSwiftUpdateCheck = 1500;
				LastUpgradeCheck = 1500;
				TargetAttributes = {
					F6559D992A7607DC00C1207A = {
						CreatedOnToolsVersion = 15.0;
					};
					F6559DA92A7607DF00C1207A = {
						CreatedOnToolsVersion = 15.0;
						TestTargetID = F6559D992A7607DC00C1207A;
					};
					F6559DB32A7607DF00C1207A = {
						CreatedOnToolsVersion = 15.0;
						TestTargetID = F6559D992A7607DC00C1207A;
					};
				};
			};
			buildConfigurationList = F6559D952A7607DC00C1207A /* Build configuration list for PBXProject "DeepMind" */;
			compatibilityVersion = "Xcode 15.0";
			developmentRegion = en;
			hasScannedForEncodings = 0;
			knownRegions = (
				en,
				Base,
			);
			mainGroup = F6559D912A7607DC00C1207A;
			packageReferences = (
				F6559DD02A760BE600C1207A /* XCRemoteSwiftPackageReference "firebase-ios-sdk" */,
				F6559DDD2A760D0600C1207A /* XCRemoteSwiftPackageReference "CryptoSwift" */,
			);
			productRefGroup = F6559D9B2A7607DC00C1207A /* Products */;
			projectDirPath = "";
			projectRoot = "";
			targets = (
				F6559D992A7607DC00C1207A /* DeepMind */,
				F6559DA92A7607DF00C1207A /* DeepMindTests */,
				F6559DB32A7607DF00C1207A /* DeepMindUITests */,
			);
		};
/* End PBXProject section */

/* Begin PBXResourcesBuildPhase section */
		F6559D982A7607DC00C1207A /* Resources */ = {
			isa = PBXResourcesBuildPhase;
			buildActionMask = 2147483647;
			files = (
				F6559DA52A7607DF00C1207A /* Preview Assets.xcassets in Resources */,
				F62753942A80A899008104B5 /* KoreanKPNB-R.otf in Resources */,
				F6559DA22A7607DF00C1207A /* Assets.xcassets in Resources */,
				F6559DCC2A76093900C1207A /* GoogleService-Info.plist in Resources */,
			);
			runOnlyForDeploymentPostprocessing = 0;
		};
		F6559DA82A7607DF00C1207A /* Resources */ = {
			isa = PBXResourcesBuildPhase;
			buildActionMask = 2147483647;
			files = (
			);
			runOnlyForDeploymentPostprocessing = 0;
		};
		F6559DB22A7607DF00C1207A /* Resources */ = {
			isa = PBXResourcesBuildPhase;
			buildActionMask = 2147483647;
			files = (
			);
			runOnlyForDeploymentPostprocessing = 0;
		};
/* End PBXResourcesBuildPhase section */

/* Begin PBXSourcesBuildPhase section */
		F6559D962A7607DC00C1207A /* Sources */ = {
			isa = PBXSourcesBuildPhase;
			buildActionMask = 2147483647;
			files = (
				F6FE66EB2A8CBEDE00AF9D94 /* InspectionEssentialQuestionType.swift in Sources */,
				F6FE66E42A8CAD4B00AF9D94 /* HomeStatisticsTypeModel.swift in Sources */,
				F6559DF72A76176600C1207A /* RadioButton.swift in Sources */,
				F69586552A9EDE21006F0520 /* UserTypeSelectionView.swift in Sources */,
				F6344B2E2A76307A00FA3440 /* StatisticsView.swift in Sources */,
				F6559DF62A76176600C1207A /* RadioButtonGroup.swift in Sources */,
				F6559DEC2A76169F00C1207A /* SignInView.swift in Sources */,
				F67F59252A78C8D5005E558A /* PersonGenderModel.swift in Sources */,
				F6FE66DB2A8C99B500AF9D94 /* DailyEmotionHelper.swift in Sources */,
				F6559DF22A76174A00C1207A /* CheckBox.swift in Sources */,
				F6FE66E72A8CB3E900AF9D94 /* StatisticsEmotionDataModel.swift in Sources */,
				F6559DCF2A760A1B00C1207A /* AES256Util.swift in Sources */,
				F69586572A9EFB1B006F0520 /* ProBadgeView.swift in Sources */,
				F674751F2A84AF8F006471CA /* CL02.mlpackage in Sources */,
				F6344B222A76304800FA3440 /* HomeView.swift in Sources */,
				F62753962A80B3CB008104B5 /* DiaryCanvasView.swift in Sources */,
				F6110ACC2A8F05DB0090F9B9 /* InspectionHistoryModel.swift in Sources */,
				F62753882A808E36008104B5 /* DiaryEmotionModel.swift in Sources */,
				F6344B322A76308500FA3440 /* MoreView.swift in Sources */,
				F67475212A84AF95006471CA /* CL03.mlpackage in Sources */,
				F62753862A808E17008104B5 /* DiaryContentsModel.swift in Sources */,
				F627538A2A8092AF008104B5 /* WriteDiaryMainView.swift in Sources */,
				F674751D2A84AF86006471CA /* CL01.mlpackage in Sources */,
				F6559DF82A76176600C1207A /* ProcessView.swift in Sources */,
				F6344B3E2A764A8500FA3440 /* VersionManagement.swift in Sources */,
				F6FE66E92A8CBBE300AF9D94 /* InspectionEssentialQuestionView.swift in Sources */,
				F67F59282A78CC57005E558A /* InspectionHelper.swift in Sources */,
				F674751B2A84A2DF006471CA /* Detection.swift in Sources */,
				F690AADE2A9A44A6004775FC /* ActivityViewController.swift in Sources */,
				F6BE65202A8DBC5600C40E57 /* EssentialQuestionAnswerModels.swift in Sources */,
				F6D3CCAE2A7B3F8900383BBB /* PredictTypeModel.swift in Sources */,
				F6BE651E2A8DB58500C40E57 /* HouseEssentialQuestionModels.swift in Sources */,
				F627538C2A80A08C008104B5 /* WriteDiaryView.swift in Sources */,
				F62753982A80B4AA008104B5 /* DiaryMarkUpView.swift in Sources */,
				F6344B342A7638E000FA3440 /* DrawingView.swift in Sources */,
				F6559D9E2A7607DC00C1207A /* DeepMindApp.swift in Sources */,
				F69586592A9EFB40006F0520 /* UserInfoView.swift in Sources */,
				F6559DFD2A7617E100C1207A /* SignUpAlertModel.swift in Sources */,
				F6FE66E12A8CA94600AF9D94 /* HomeEmotionStatisticsView.swift in Sources */,
				F6559DFB2A7617C100C1207A /* SignUpView.swift in Sources */,
				F6559DCA2A76085100C1207A /* SplashView.swift in Sources */,
				F627539A2A80C0D4008104B5 /* ImagePicker.swift in Sources */,
				F6559DEE2A7616B500C1207A /* LAHelper.swift in Sources */,
				F62753832A808E03008104B5 /* DiaryHelper.swift in Sources */,
				F6559DE42A76104100C1207A /* UserManagement.swift in Sources */,
				F6344B392A76407100FA3440 /* DrawingTypeModel.swift in Sources */,
				F6344B362A763ACC00FA3440 /* CanvasView.swift in Sources */,
				F6559DFF2A762C4700C1207A /* UploadFeatureView.swift in Sources */,
				F6344B262A76305300FA3440 /* DiaryView.swift in Sources */,
				F67475232A84B922006471CA /* DetectionResultsView.swift in Sources */,
				F695865C2A9EFDA7006F0520 /* UserStatusChangeResultModel.swift in Sources */,
				F6344B1E2A76302700FA3440 /* TabManager.swift in Sources */,
				F6559DE72A76105A00C1207A /* UserInfoModel.swift in Sources */,
				F6559E012A762D6300C1207A /* FeatureSeverityOption.swift in Sources */,
				F6FE66DF2A8CA93E00AF9D94 /* HomeHTPStatisticsView.swift in Sources */,
				F6344B3B2A764A6E00FA3440 /* InfoView.swift in Sources */,
				F69586532A9EDDBC006F0520 /* UserTypeModel.swift in Sources */,
				F6344B2A2A76306200FA3440 /* InspectionView.swift in Sources */,
			);
			runOnlyForDeploymentPostprocessing = 0;
		};
		F6559DA62A7607DF00C1207A /* Sources */ = {
			isa = PBXSourcesBuildPhase;
			buildActionMask = 2147483647;
			files = (
				F6559DAF2A7607DF00C1207A /* DeepMindTests.swift in Sources */,
			);
			runOnlyForDeploymentPostprocessing = 0;
		};
		F6559DB02A7607DF00C1207A /* Sources */ = {
			isa = PBXSourcesBuildPhase;
			buildActionMask = 2147483647;
			files = (
				F6559DBB2A7607DF00C1207A /* DeepMindUITestsLaunchTests.swift in Sources */,
				F6559DB92A7607DF00C1207A /* DeepMindUITests.swift in Sources */,
			);
			runOnlyForDeploymentPostprocessing = 0;
		};
/* End PBXSourcesBuildPhase section */

/* Begin PBXTargetDependency section */
		F6559DAC2A7607DF00C1207A /* PBXTargetDependency */ = {
			isa = PBXTargetDependency;
			target = F6559D992A7607DC00C1207A /* DeepMind */;
			targetProxy = F6559DAB2A7607DF00C1207A /* PBXContainerItemProxy */;
		};
		F6559DB62A7607DF00C1207A /* PBXTargetDependency */ = {
			isa = PBXTargetDependency;
			target = F6559D992A7607DC00C1207A /* DeepMind */;
			targetProxy = F6559DB52A7607DF00C1207A /* PBXContainerItemProxy */;
		};
/* End PBXTargetDependency section */

/* Begin XCBuildConfiguration section */
		F6559DBC2A7607DF00C1207A /* Debug */ = {
			isa = XCBuildConfiguration;
			buildSettings = {
				ALWAYS_SEARCH_USER_PATHS = NO;
				ASSETCATALOG_COMPILER_GENERATE_SWIFT_ASSET_SYMBOL_EXTENSIONS = YES;
				CLANG_ANALYZER_NONNULL = YES;
				CLANG_ANALYZER_NUMBER_OBJECT_CONVERSION = YES_AGGRESSIVE;
				CLANG_CXX_LANGUAGE_STANDARD = "gnu++20";
				CLANG_ENABLE_MODULES = YES;
				CLANG_ENABLE_OBJC_ARC = YES;
				CLANG_ENABLE_OBJC_WEAK = YES;
				CLANG_WARN_BLOCK_CAPTURE_AUTORELEASING = YES;
				CLANG_WARN_BOOL_CONVERSION = YES;
				CLANG_WARN_COMMA = YES;
				CLANG_WARN_CONSTANT_CONVERSION = YES;
				CLANG_WARN_DEPRECATED_OBJC_IMPLEMENTATIONS = YES;
				CLANG_WARN_DIRECT_OBJC_ISA_USAGE = YES_ERROR;
				CLANG_WARN_DOCUMENTATION_COMMENTS = YES;
				CLANG_WARN_EMPTY_BODY = YES;
				CLANG_WARN_ENUM_CONVERSION = YES;
				CLANG_WARN_INFINITE_RECURSION = YES;
				CLANG_WARN_INT_CONVERSION = YES;
				CLANG_WARN_NON_LITERAL_NULL_CONVERSION = YES;
				CLANG_WARN_OBJC_IMPLICIT_RETAIN_SELF = YES;
				CLANG_WARN_OBJC_LITERAL_CONVERSION = YES;
				CLANG_WARN_OBJC_ROOT_CLASS = YES_ERROR;
				CLANG_WARN_QUOTED_INCLUDE_IN_FRAMEWORK_HEADER = YES;
				CLANG_WARN_RANGE_LOOP_ANALYSIS = YES;
				CLANG_WARN_STRICT_PROTOTYPES = YES;
				CLANG_WARN_SUSPICIOUS_MOVE = YES;
				CLANG_WARN_UNGUARDED_AVAILABILITY = YES_AGGRESSIVE;
				CLANG_WARN_UNREACHABLE_CODE = YES;
				CLANG_WARN__DUPLICATE_METHOD_MATCH = YES;
				COPY_PHASE_STRIP = NO;
				DEBUG_INFORMATION_FORMAT = dwarf;
				ENABLE_STRICT_OBJC_MSGSEND = YES;
				ENABLE_TESTABILITY = YES;
				ENABLE_USER_SCRIPT_SANDBOXING = YES;
				GCC_C_LANGUAGE_STANDARD = gnu17;
				GCC_DYNAMIC_NO_PIC = NO;
				GCC_NO_COMMON_BLOCKS = YES;
				GCC_OPTIMIZATION_LEVEL = 0;
				GCC_PREPROCESSOR_DEFINITIONS = (
					"DEBUG=1",
					"$(inherited)",
				);
				GCC_WARN_64_TO_32_BIT_CONVERSION = YES;
				GCC_WARN_ABOUT_RETURN_TYPE = YES_ERROR;
				GCC_WARN_UNDECLARED_SELECTOR = YES;
				GCC_WARN_UNINITIALIZED_AUTOS = YES_AGGRESSIVE;
				GCC_WARN_UNUSED_FUNCTION = YES;
				GCC_WARN_UNUSED_VARIABLE = YES;
				IPHONEOS_DEPLOYMENT_TARGET = 17.0;
				LOCALIZATION_PREFERS_STRING_CATALOGS = YES;
				MTL_ENABLE_DEBUG_INFO = INCLUDE_SOURCE;
				MTL_FAST_MATH = YES;
				ONLY_ACTIVE_ARCH = YES;
				SDKROOT = iphoneos;
				SWIFT_ACTIVE_COMPILATION_CONDITIONS = "DEBUG $(inherited)";
				SWIFT_OPTIMIZATION_LEVEL = "-Onone";
			};
			name = Debug;
		};
		F6559DBD2A7607DF00C1207A /* Release */ = {
			isa = XCBuildConfiguration;
			buildSettings = {
				ALWAYS_SEARCH_USER_PATHS = NO;
				ASSETCATALOG_COMPILER_GENERATE_SWIFT_ASSET_SYMBOL_EXTENSIONS = YES;
				CLANG_ANALYZER_NONNULL = YES;
				CLANG_ANALYZER_NUMBER_OBJECT_CONVERSION = YES_AGGRESSIVE;
				CLANG_CXX_LANGUAGE_STANDARD = "gnu++20";
				CLANG_ENABLE_MODULES = YES;
				CLANG_ENABLE_OBJC_ARC = YES;
				CLANG_ENABLE_OBJC_WEAK = YES;
				CLANG_WARN_BLOCK_CAPTURE_AUTORELEASING = YES;
				CLANG_WARN_BOOL_CONVERSION = YES;
				CLANG_WARN_COMMA = YES;
				CLANG_WARN_CONSTANT_CONVERSION = YES;
				CLANG_WARN_DEPRECATED_OBJC_IMPLEMENTATIONS = YES;
				CLANG_WARN_DIRECT_OBJC_ISA_USAGE = YES_ERROR;
				CLANG_WARN_DOCUMENTATION_COMMENTS = YES;
				CLANG_WARN_EMPTY_BODY = YES;
				CLANG_WARN_ENUM_CONVERSION = YES;
				CLANG_WARN_INFINITE_RECURSION = YES;
				CLANG_WARN_INT_CONVERSION = YES;
				CLANG_WARN_NON_LITERAL_NULL_CONVERSION = YES;
				CLANG_WARN_OBJC_IMPLICIT_RETAIN_SELF = YES;
				CLANG_WARN_OBJC_LITERAL_CONVERSION = YES;
				CLANG_WARN_OBJC_ROOT_CLASS = YES_ERROR;
				CLANG_WARN_QUOTED_INCLUDE_IN_FRAMEWORK_HEADER = YES;
				CLANG_WARN_RANGE_LOOP_ANALYSIS = YES;
				CLANG_WARN_STRICT_PROTOTYPES = YES;
				CLANG_WARN_SUSPICIOUS_MOVE = YES;
				CLANG_WARN_UNGUARDED_AVAILABILITY = YES_AGGRESSIVE;
				CLANG_WARN_UNREACHABLE_CODE = YES;
				CLANG_WARN__DUPLICATE_METHOD_MATCH = YES;
				COPY_PHASE_STRIP = NO;
				DEBUG_INFORMATION_FORMAT = "dwarf-with-dsym";
				ENABLE_NS_ASSERTIONS = NO;
				ENABLE_STRICT_OBJC_MSGSEND = YES;
				ENABLE_USER_SCRIPT_SANDBOXING = YES;
				GCC_C_LANGUAGE_STANDARD = gnu17;
				GCC_NO_COMMON_BLOCKS = YES;
				GCC_WARN_64_TO_32_BIT_CONVERSION = YES;
				GCC_WARN_ABOUT_RETURN_TYPE = YES_ERROR;
				GCC_WARN_UNDECLARED_SELECTOR = YES;
				GCC_WARN_UNINITIALIZED_AUTOS = YES_AGGRESSIVE;
				GCC_WARN_UNUSED_FUNCTION = YES;
				GCC_WARN_UNUSED_VARIABLE = YES;
				IPHONEOS_DEPLOYMENT_TARGET = 17.0;
				LOCALIZATION_PREFERS_STRING_CATALOGS = YES;
				MTL_ENABLE_DEBUG_INFO = NO;
				MTL_FAST_MATH = YES;
				SDKROOT = iphoneos;
				SWIFT_COMPILATION_MODE = wholemodule;
				VALIDATE_PRODUCT = YES;
			};
			name = Release;
		};
		F6559DBF2A7607DF00C1207A /* Debug */ = {
			isa = XCBuildConfiguration;
			buildSettings = {
				ASSETCATALOG_COMPILER_APPICON_NAME = AppIcon;
				ASSETCATALOG_COMPILER_GLOBAL_ACCENT_COLOR_NAME = AccentColor;
				CODE_SIGN_STYLE = Automatic;
				CURRENT_PROJECT_VERSION = 1000b;
				DEVELOPMENT_ASSET_PATHS = "\"DeepMind/Preview Content\"";
				DEVELOPMENT_TEAM = H7245MHSUG;
				ENABLE_PREVIEWS = YES;
				GENERATE_INFOPLIST_FILE = YES;
				INFOPLIST_FILE = DeepMind/Info.plist;
				INFOPLIST_KEY_NSCameraUsageDescription = "하루 일기에 사진을 추가하기 위해 카메라 권한이 필요합니다.";
				INFOPLIST_KEY_NSFaceIDUsageDescription = "자동 로그인 기능 활성화를 위해 생체인식 권한이 필요합니다.";
				INFOPLIST_KEY_NSPhotoLibraryUsageDescription = "";
				INFOPLIST_KEY_UIApplicationSceneManifest_Generation = YES;
				INFOPLIST_KEY_UIApplicationSupportsIndirectInputEvents = YES;
				INFOPLIST_KEY_UILaunchScreen_Generation = YES;
				INFOPLIST_KEY_UISupportedInterfaceOrientations_iPad = "UIInterfaceOrientationPortrait UIInterfaceOrientationPortraitUpsideDown UIInterfaceOrientationLandscapeLeft UIInterfaceOrientationLandscapeRight";
				INFOPLIST_KEY_UISupportedInterfaceOrientations_iPhone = "UIInterfaceOrientationPortrait UIInterfaceOrientationLandscapeLeft UIInterfaceOrientationLandscapeRight";
				IPHONEOS_DEPLOYMENT_TARGET = 16.0;
				LD_RUNPATH_SEARCH_PATHS = (
					"$(inherited)",
					"@executable_path/Frameworks",
				);
				MARKETING_VERSION = 1.0;
				PRODUCT_BUNDLE_IDENTIFIER = com.yj.cj.DeepMind;
				PRODUCT_NAME = "$(TARGET_NAME)";
				SWIFT_EMIT_LOC_STRINGS = YES;
				SWIFT_VERSION = 5.0;
				TARGETED_DEVICE_FAMILY = "1,2";
			};
			name = Debug;
		};
		F6559DC02A7607DF00C1207A /* Release */ = {
			isa = XCBuildConfiguration;
			buildSettings = {
				ASSETCATALOG_COMPILER_APPICON_NAME = AppIcon;
				ASSETCATALOG_COMPILER_GLOBAL_ACCENT_COLOR_NAME = AccentColor;
				CODE_SIGN_STYLE = Automatic;
				CURRENT_PROJECT_VERSION = 1000b;
				DEVELOPMENT_ASSET_PATHS = "\"DeepMind/Preview Content\"";
				DEVELOPMENT_TEAM = H7245MHSUG;
				ENABLE_PREVIEWS = YES;
				GENERATE_INFOPLIST_FILE = YES;
				INFOPLIST_FILE = DeepMind/Info.plist;
				INFOPLIST_KEY_NSCameraUsageDescription = "하루 일기에 사진을 추가하기 위해 카메라 권한이 필요합니다.";
				INFOPLIST_KEY_NSFaceIDUsageDescription = "자동 로그인 기능 활성화를 위해 생체인식 권한이 필요합니다.";
				INFOPLIST_KEY_NSPhotoLibraryUsageDescription = "";
				INFOPLIST_KEY_UIApplicationSceneManifest_Generation = YES;
				INFOPLIST_KEY_UIApplicationSupportsIndirectInputEvents = YES;
				INFOPLIST_KEY_UILaunchScreen_Generation = YES;
				INFOPLIST_KEY_UISupportedInterfaceOrientations_iPad = "UIInterfaceOrientationPortrait UIInterfaceOrientationPortraitUpsideDown UIInterfaceOrientationLandscapeLeft UIInterfaceOrientationLandscapeRight";
				INFOPLIST_KEY_UISupportedInterfaceOrientations_iPhone = "UIInterfaceOrientationPortrait UIInterfaceOrientationLandscapeLeft UIInterfaceOrientationLandscapeRight";
				IPHONEOS_DEPLOYMENT_TARGET = 16.0;
				LD_RUNPATH_SEARCH_PATHS = (
					"$(inherited)",
					"@executable_path/Frameworks",
				);
				MARKETING_VERSION = 1.0;
				PRODUCT_BUNDLE_IDENTIFIER = com.yj.cj.DeepMind;
				PRODUCT_NAME = "$(TARGET_NAME)";
				SWIFT_EMIT_LOC_STRINGS = YES;
				SWIFT_VERSION = 5.0;
				TARGETED_DEVICE_FAMILY = "1,2";
			};
			name = Release;
		};
		F6559DC22A7607DF00C1207A /* Debug */ = {
			isa = XCBuildConfiguration;
			buildSettings = {
				ALWAYS_EMBED_SWIFT_STANDARD_LIBRARIES = YES;
				BUNDLE_LOADER = "$(TEST_HOST)";
				CODE_SIGN_STYLE = Automatic;
				CURRENT_PROJECT_VERSION = 1;
				DEVELOPMENT_TEAM = JLQKH6P6PL;
				GENERATE_INFOPLIST_FILE = YES;
				IPHONEOS_DEPLOYMENT_TARGET = 17.0;
				MARKETING_VERSION = 1.0;
				PRODUCT_BUNDLE_IDENTIFIER = com.cj.DeepMindTests;
				PRODUCT_NAME = "$(TARGET_NAME)";
				SWIFT_EMIT_LOC_STRINGS = NO;
				SWIFT_VERSION = 5.0;
				TARGETED_DEVICE_FAMILY = "1,2";
				TEST_HOST = "$(BUILT_PRODUCTS_DIR)/DeepMind.app/$(BUNDLE_EXECUTABLE_FOLDER_PATH)/DeepMind";
			};
			name = Debug;
		};
		F6559DC32A7607DF00C1207A /* Release */ = {
			isa = XCBuildConfiguration;
			buildSettings = {
				ALWAYS_EMBED_SWIFT_STANDARD_LIBRARIES = YES;
				BUNDLE_LOADER = "$(TEST_HOST)";
				CODE_SIGN_STYLE = Automatic;
				CURRENT_PROJECT_VERSION = 1;
				DEVELOPMENT_TEAM = JLQKH6P6PL;
				GENERATE_INFOPLIST_FILE = YES;
				IPHONEOS_DEPLOYMENT_TARGET = 17.0;
				MARKETING_VERSION = 1.0;
				PRODUCT_BUNDLE_IDENTIFIER = com.cj.DeepMindTests;
				PRODUCT_NAME = "$(TARGET_NAME)";
				SWIFT_EMIT_LOC_STRINGS = NO;
				SWIFT_VERSION = 5.0;
				TARGETED_DEVICE_FAMILY = "1,2";
				TEST_HOST = "$(BUILT_PRODUCTS_DIR)/DeepMind.app/$(BUNDLE_EXECUTABLE_FOLDER_PATH)/DeepMind";
			};
			name = Release;
		};
		F6559DC52A7607DF00C1207A /* Debug */ = {
			isa = XCBuildConfiguration;
			buildSettings = {
				ALWAYS_EMBED_SWIFT_STANDARD_LIBRARIES = YES;
				CODE_SIGN_STYLE = Automatic;
				CURRENT_PROJECT_VERSION = 1;
				DEVELOPMENT_TEAM = JLQKH6P6PL;
				GENERATE_INFOPLIST_FILE = YES;
				MARKETING_VERSION = 1.0;
				PRODUCT_BUNDLE_IDENTIFIER = com.cj.DeepMindUITests;
				PRODUCT_NAME = "$(TARGET_NAME)";
				SWIFT_EMIT_LOC_STRINGS = NO;
				SWIFT_VERSION = 5.0;
				TARGETED_DEVICE_FAMILY = "1,2";
				TEST_TARGET_NAME = DeepMind;
			};
			name = Debug;
		};
		F6559DC62A7607DF00C1207A /* Release */ = {
			isa = XCBuildConfiguration;
			buildSettings = {
				ALWAYS_EMBED_SWIFT_STANDARD_LIBRARIES = YES;
				CODE_SIGN_STYLE = Automatic;
				CURRENT_PROJECT_VERSION = 1;
				DEVELOPMENT_TEAM = JLQKH6P6PL;
				GENERATE_INFOPLIST_FILE = YES;
				MARKETING_VERSION = 1.0;
				PRODUCT_BUNDLE_IDENTIFIER = com.cj.DeepMindUITests;
				PRODUCT_NAME = "$(TARGET_NAME)";
				SWIFT_EMIT_LOC_STRINGS = NO;
				SWIFT_VERSION = 5.0;
				TARGETED_DEVICE_FAMILY = "1,2";
				TEST_TARGET_NAME = DeepMind;
			};
			name = Release;
		};
/* End XCBuildConfiguration section */

/* Begin XCConfigurationList section */
		F6559D952A7607DC00C1207A /* Build configuration list for PBXProject "DeepMind" */ = {
			isa = XCConfigurationList;
			buildConfigurations = (
				F6559DBC2A7607DF00C1207A /* Debug */,
				F6559DBD2A7607DF00C1207A /* Release */,
			);
			defaultConfigurationIsVisible = 0;
			defaultConfigurationName = Release;
		};
		F6559DBE2A7607DF00C1207A /* Build configuration list for PBXNativeTarget "DeepMind" */ = {
			isa = XCConfigurationList;
			buildConfigurations = (
				F6559DBF2A7607DF00C1207A /* Debug */,
				F6559DC02A7607DF00C1207A /* Release */,
			);
			defaultConfigurationIsVisible = 0;
			defaultConfigurationName = Release;
		};
		F6559DC12A7607DF00C1207A /* Build configuration list for PBXNativeTarget "DeepMindTests" */ = {
			isa = XCConfigurationList;
			buildConfigurations = (
				F6559DC22A7607DF00C1207A /* Debug */,
				F6559DC32A7607DF00C1207A /* Release */,
			);
			defaultConfigurationIsVisible = 0;
			defaultConfigurationName = Release;
		};
		F6559DC42A7607DF00C1207A /* Build configuration list for PBXNativeTarget "DeepMindUITests" */ = {
			isa = XCConfigurationList;
			buildConfigurations = (
				F6559DC52A7607DF00C1207A /* Debug */,
				F6559DC62A7607DF00C1207A /* Release */,
			);
			defaultConfigurationIsVisible = 0;
			defaultConfigurationName = Release;
		};
/* End XCConfigurationList section */

/* Begin XCRemoteSwiftPackageReference section */
		F6559DD02A760BE600C1207A /* XCRemoteSwiftPackageReference "firebase-ios-sdk" */ = {
			isa = XCRemoteSwiftPackageReference;
			repositoryURL = "https://github.com/firebase/firebase-ios-sdk";
			requirement = {
				kind = upToNextMajorVersion;
				minimumVersion = 10.12.0;
			};
		};
		F6559DDD2A760D0600C1207A /* XCRemoteSwiftPackageReference "CryptoSwift" */ = {
			isa = XCRemoteSwiftPackageReference;
			repositoryURL = "https://github.com/krzyzanowskim/CryptoSwift.git";
			requirement = {
				kind = upToNextMajorVersion;
				minimumVersion = 1.7.2;
			};
		};
/* End XCRemoteSwiftPackageReference section */

/* Begin XCSwiftPackageProductDependency section */
		F6559DD12A760BE700C1207A /* FirebaseAnalytics */ = {
			isa = XCSwiftPackageProductDependency;
			package = F6559DD02A760BE600C1207A /* XCRemoteSwiftPackageReference "firebase-ios-sdk" */;
			productName = FirebaseAnalytics;
		};
		F6559DD32A760BE700C1207A /* FirebaseAuth */ = {
			isa = XCSwiftPackageProductDependency;
			package = F6559DD02A760BE600C1207A /* XCRemoteSwiftPackageReference "firebase-ios-sdk" */;
			productName = FirebaseAuth;
		};
		F6559DD52A760BE700C1207A /* FirebaseFirestore */ = {
			isa = XCSwiftPackageProductDependency;
			package = F6559DD02A760BE600C1207A /* XCRemoteSwiftPackageReference "firebase-ios-sdk" */;
			productName = FirebaseFirestore;
		};
		F6559DD72A760BE700C1207A /* FirebaseFunctions */ = {
			isa = XCSwiftPackageProductDependency;
			package = F6559DD02A760BE600C1207A /* XCRemoteSwiftPackageReference "firebase-ios-sdk" */;
			productName = FirebaseFunctions;
		};
		F6559DD92A760BE700C1207A /* FirebaseMessaging */ = {
			isa = XCSwiftPackageProductDependency;
			package = F6559DD02A760BE600C1207A /* XCRemoteSwiftPackageReference "firebase-ios-sdk" */;
			productName = FirebaseMessaging;
		};
		F6559DDB2A760BE700C1207A /* FirebaseStorage */ = {
			isa = XCSwiftPackageProductDependency;
			package = F6559DD02A760BE600C1207A /* XCRemoteSwiftPackageReference "firebase-ios-sdk" */;
			productName = FirebaseStorage;
		};
		F6559DDE2A760D0600C1207A /* CryptoSwift */ = {
			isa = XCSwiftPackageProductDependency;
			package = F6559DDD2A760D0600C1207A /* XCRemoteSwiftPackageReference "CryptoSwift" */;
			productName = CryptoSwift;
		};
/* End XCSwiftPackageProductDependency section */
	};
	rootObject = F6559D922A7607DC00C1207A /* Project object */;
}
